
Microsoft Visual Studio Solution File, Format Version 12.00
# Visual Studio 15
VisualStudioVersion = 15.0.27703.2026
MinimumVisualStudioVersion = 10.0.40219.1
Project("{FAE04EC0-301F-11D3-BF4B-00C04F79EFBC}") = "TestCreditCard.Web", "TestCreditCard.Web\TestCreditCard.Web.csproj", "{BC2A697E-8B27-447D-B364-34244C7A7914}"
EndProject
Project("{E53339B2-1760-4266-BCC7-CA923CBCF16C}") = "docker-compose", "docker-compose.dcproj", "{0302B7F5-9BAE-43BD-BD88-D5B0DAF3FEFE}"
EndProject
Global
	GlobalSection(SolutionConfigurationPlatforms) = preSolution
		Debug|Any CPU = Debug|Any CPU
		Release|Any CPU = Release|Any CPU
	EndGlobalSection
	GlobalSection(ProjectConfigurationPlatforms) = postSolution
		{BC2A697E-8B27-447D-B364-34244C7A7914}.Debug|Any CPU.ActiveCfg = Debug|Any CPU
		{BC2A697E-8B27-447D-B364-34244C7A7914}.Debug|Any CPU.Build.0 = Debug|Any CPU
		{BC2A697E-8B27-447D-B364-34244C7A7914}.Release|Any CPU.ActiveCfg = Release|Any CPU
		{BC2A697E-8B27-447D-B364-34244C7A7914}.Release|Any CPU.Build.0 = Release|Any CPU
		{0302B7F5-9BAE-43BD-BD88-D5B0DAF3FEFE}.Debug|Any CPU.ActiveCfg = Debug|Any CPU
		{0302B7F5-9BAE-43BD-BD88-D5B0DAF3FEFE}.Debug|Any CPU.Build.0 = Debug|Any CPU
		{0302B7F5-9BAE-43BD-BD88-D5B0DAF3FEFE}.Release|Any CPU.ActiveCfg = Release|Any CPU
		{0302B7F5-9BAE-43BD-BD88-D5B0DAF3FEFE}.Release|Any CPU.Build.0 = Release|Any CPU
	EndGlobalSection
	GlobalSection(SolutionProperties) = preSolution
		HideSolutionNode = FALSE
	EndGlobalSection
	GlobalSection(ExtensibilityGlobals) = postSolution
		SolutionGuid = {FBE5CA42-B419-4575-8574-F83E1CCBC64C}
	EndGlobalSection
EndGlobal
